
Microsoft Visual Studio Solution File, Format Version 12.00
# Visual Studio 2013
VisualStudioVersion = 12.0.21005.1
MinimumVisualStudioVersion = 10.0.40219.1
Project("{FAE04EC0-301F-11D3-BF4B-00C04F79EFBC}") = "TechnicalNet", "TechnicalNet\TechnicalNet.csproj", "{B452CCD6-654E-4940-99D3-D2F2B0B406BC}"
EndProject
Project("{FAE04EC0-301F-11D3-BF4B-00C04F79EFBC}") = "DataDownloadConsole", "DataDownloadConsole\DataDownloadConsole.csproj", "{1113A672-E808-4E58-B1BC-A081A5558015}"
EndProject
Global
	GlobalSection(SolutionConfigurationPlatforms) = preSolution
		Debug|Any CPU = Debug|Any CPU
		Release|Any CPU = Release|Any CPU
	EndGlobalSection
	GlobalSection(ProjectConfigurationPlatforms) = postSolution
		{B452CCD6-654E-4940-99D3-D2F2B0B406BC}.Debug|Any CPU.ActiveCfg = Debug|Any CPU
		{B452CCD6-654E-4940-99D3-D2F2B0B406BC}.Debug|Any CPU.Build.0 = Debug|Any CPU
		{B452CCD6-654E-4940-99D3-D2F2B0B406BC}.Release|Any CPU.ActiveCfg = Release|Any CPU
		{B452CCD6-654E-4940-99D3-D2F2B0B406BC}.Release|Any CPU.Build.0 = Release|Any CPU
		{1113A672-E808-4E58-B1BC-A081A5558015}.Debug|Any CPU.ActiveCfg = Debug|Any CPU
		{1113A672-E808-4E58-B1BC-A081A5558015}.Debug|Any CPU.Build.0 = Debug|Any CPU
		{1113A672-E808-4E58-B1BC-A081A5558015}.Release|Any CPU.ActiveCfg = Release|Any CPU
		{1113A672-E808-4E58-B1BC-A081A5558015}.Release|Any CPU.Build.0 = Release|Any CPU
	EndGlobalSection
	GlobalSection(SolutionProperties) = preSolution
		HideSolutionNode = FALSE
	EndGlobalSection
EndGlobal
